
Microsoft Visual Studio Solution File, Format Version 12.00
# Visual Studio Version 17
VisualStudioVersion = 17.3.32811.315
MinimumVisualStudioVersion = 10.0.40219.1
Project("{9A19103F-16F7-4668-BE54-9A1E7A4F7556}") = "Shared", "Shared\Shared.csproj", "{5AD6FFB7-AFEC-44C2-89DA-B31A963D698E}"
EndProject
Project("{9A19103F-16F7-4668-BE54-9A1E7A4F7556}") = "Order.API", "Order.API\Order.API.csproj", "{F243C7D1-01ED-4F8D-AD5A-A94A330C254B}"
EndProject
Project("{FAE04EC0-301F-11D3-BF4B-00C04F79EFBC}") = "Stock.API", "Stock.API\Stock.API.csproj", "{312FFC8B-25F0-4DB0-830F-17AE74FE4264}"
EndProject
Project("{FAE04EC0-301F-11D3-BF4B-00C04F79EFBC}") = "Payment.API", "Payment.API\Payment.API.csproj", "{9CE91435-B08B-4CF1-8359-60489F6F8640}"
EndProject
Global
	GlobalSection(SolutionConfigurationPlatforms) = preSolution
		Debug|Any CPU = Debug|Any CPU
		Release|Any CPU = Release|Any CPU
	EndGlobalSection
	GlobalSection(ProjectConfigurationPlatforms) = postSolution
		{5AD6FFB7-AFEC-44C2-89DA-B31A963D698E}.Debug|Any CPU.ActiveCfg = Debug|Any CPU
		{5AD6FFB7-AFEC-44C2-89DA-B31A963D698E}.Debug|Any CPU.Build.0 = Debug|Any CPU
		{5AD6FFB7-AFEC-44C2-89DA-B31A963D698E}.Release|Any CPU.ActiveCfg = Release|Any CPU
		{5AD6FFB7-AFEC-44C2-89DA-B31A963D698E}.Release|Any CPU.Build.0 = Release|Any CPU
		{F243C7D1-01ED-4F8D-AD5A-A94A330C254B}.Debug|Any CPU.ActiveCfg = Debug|Any CPU
		{F243C7D1-01ED-4F8D-AD5A-A94A330C254B}.Debug|Any CPU.Build.0 = Debug|Any CPU
		{F243C7D1-01ED-4F8D-AD5A-A94A330C254B}.Release|Any CPU.ActiveCfg = Release|Any CPU
		{F243C7D1-01ED-4F8D-AD5A-A94A330C254B}.Release|Any CPU.Build.0 = Release|Any CPU
		{312FFC8B-25F0-4DB0-830F-17AE74FE4264}.Debug|Any CPU.ActiveCfg = Debug|Any CPU
		{312FFC8B-25F0-4DB0-830F-17AE74FE4264}.Debug|Any CPU.Build.0 = Debug|Any CPU
		{312FFC8B-25F0-4DB0-830F-17AE74FE4264}.Release|Any CPU.ActiveCfg = Release|Any CPU
		{312FFC8B-25F0-4DB0-830F-17AE74FE4264}.Release|Any CPU.Build.0 = Release|Any CPU
		{9CE91435-B08B-4CF1-8359-60489F6F8640}.Debug|Any CPU.ActiveCfg = Debug|Any CPU
		{9CE91435-B08B-4CF1-8359-60489F6F8640}.Debug|Any CPU.Build.0 = Debug|Any CPU
		{9CE91435-B08B-4CF1-8359-60489F6F8640}.Release|Any CPU.ActiveCfg = Release|Any CPU
		{9CE91435-B08B-4CF1-8359-60489F6F8640}.Release|Any CPU.Build.0 = Release|Any CPU
	EndGlobalSection
	GlobalSection(SolutionProperties) = preSolution
		HideSolutionNode = FALSE
	EndGlobalSection
	GlobalSection(ExtensibilityGlobals) = postSolution
		SolutionGuid = {FF3297A1-FBF2-4419-8D71-F599D7C3E3F2}
	EndGlobalSection
EndGlobal
